
Microsoft Visual Studio Solution File, Format Version 12.00
# Visual Studio Version 17
VisualStudioVersion = 17.10.34928.147
MinimumVisualStudioVersion = 10.0.40219.1
Project("{9A19103F-16F7-4668-BE54-9A1E7A4F7556}") = "Fuji-I", "Fuji-I\Fuji-I.csproj", "{5B83FBD7-C1AE-41D8-BC51-F09BBD83CE54}"
EndProject
Global
	GlobalSection(SolutionConfigurationPlatforms) = preSolution
		Debug|Any CPU = Debug|Any CPU
		Release|Any CPU = Release|Any CPU
	EndGlobalSection
	GlobalSection(ProjectConfigurationPlatforms) = postSolution
		{5B83FBD7-C1AE-41D8-BC51-F09BBD83CE54}.Debug|Any CPU.ActiveCfg = Debug|Any CPU
		{5B83FBD7-C1AE-41D8-BC51-F09BBD83CE54}.Debug|Any CPU.Build.0 = Debug|Any CPU
		{5B83FBD7-C1AE-41D8-BC51-F09BBD83CE54}.Release|Any CPU.ActiveCfg = Release|Any CPU
		{5B83FBD7-C1AE-41D8-BC51-F09BBD83CE54}.Release|Any CPU.Build.0 = Release|Any CPU
	EndGlobalSection
	GlobalSection(SolutionProperties) = preSolution
		HideSolutionNode = FALSE
	EndGlobalSection
	GlobalSection(ExtensibilityGlobals) = postSolution
		SolutionGuid = {1D4274CA-1F47-43BE-AF86-39E30B1E36E3}
	EndGlobalSection
EndGlobal
